
Microsoft Visual Studio Solution File, Format Version 12.00
# Visual Studio Version 16
VisualStudioVersion = 16.0.31729.503
MinimumVisualStudioVersion = 10.0.40219.1
Project("{FAE04EC0-301F-11D3-BF4B-00C04F79EFBC}") = "SalesWebMvc", "SalesWebMvc\SalesWebMvc.csproj", "{0D603DBC-CF74-46C0-B54A-9D69E70C97C9}"
EndProject
Global
	GlobalSection(SolutionConfigurationPlatforms) = preSolution
		Debug|Any CPU = Debug|Any CPU
		Release|Any CPU = Release|Any CPU
	EndGlobalSection
	GlobalSection(ProjectConfigurationPlatforms) = postSolution
		{0D603DBC-CF74-46C0-B54A-9D69E70C97C9}.Debug|Any CPU.ActiveCfg = Debug|Any CPU
		{0D603DBC-CF74-46C0-B54A-9D69E70C97C9}.Debug|Any CPU.Build.0 = Debug|Any CPU
		{0D603DBC-CF74-46C0-B54A-9D69E70C97C9}.Release|Any CPU.ActiveCfg = Release|Any CPU
		{0D603DBC-CF74-46C0-B54A-9D69E70C97C9}.Release|Any CPU.Build.0 = Release|Any CPU
	EndGlobalSection
	GlobalSection(SolutionProperties) = preSolution
		HideSolutionNode = FALSE
	EndGlobalSection
	GlobalSection(ExtensibilityGlobals) = postSolution
		SolutionGuid = {C0D6106F-6B52-472F-A1E8-57A043A8B3CA}
	EndGlobalSection
EndGlobal
